github.com/HouzuoGuo/tiedot v0.0.0-20200330175510-6fb216206052 h1:JEzTqzN0IU5IePlaj/FbedlgANL92UCCMjEY8WkFyGA=
github.com/HouzuoGuo/tiedot v0.0.0-20200330175510-6fb216206052/go.mod h1:J2FcoVwTshOscfh8D4LCCVRoHJJQTeCAEkeRSVGnLQs=
github.com/disintegration/imaging v1.6.2 h1:w1LecBlG2Lnp8B3jk5zSuNqd7b4DXhcjwek1ei82L+c=
github.com/disintegration/imaging v1.6.2/go.mod h1:44/5580QXChDfwIclfc/PCwrr44amcmDAg8hxG0Ewe4=
github.com/edsrzf/mmap-go v1.0.0 h1:CEBF7HpRnUCSJgGUb5h1Gm7e3VkmVDrR8lvWVLtrOFw=
github.com/edsrzf/mmap-go v1.0.0/go.mod h1:YO35OhQPt3KJa3ryjFM5Bs14WD66h8eGKpfaBNrHW5M=
github.com/golang/snappy v0.0.2/go.mod h1:/XxbfmMg8lxefKM7IXC3fBNl/7bRcc72aCRzEWrmP2Q=
github.com/icza/gowut v1.4.0 h1:OwUKBXP20Iw3EgghXznRyuohMM5hG9zID9bU1n+a6+U=
github.com/icza/gowut v1.4.0/go.mod h1:0bLWFdhY/FxwCx2nDrezL87kfFgPfwZn9GytsrUPM8U=
github.com/remyoudompheng/bigfft v0.0.0-20190728182440-6a916e37a237/go.mod h1:qqbHyh8v60DhA7CoWK5oRCqLrMHRGoxYCSS9EjAz6Eo=
github.com/remyoudompheng/bigfft v0.0.0-20200410134404-eec4a21b6bb0 h1:OdAsTTz6OkFY5QxjkYwrChwuRruF69c169dPK26NUlk=
github.com/remyoudompheng/bigfft v0.0.0-20200410134404-eec4a21b6bb0/go.mod h1:qqbHyh8v60DhA7CoWK5oRCqLrMHRGoxYCSS9EjAz6Eo=
github.com/rwcarlsen/goexif v0.0.0-20190401172101-9e8deecbddbd h1:CmH9+J6ZSsIjUK3dcGsnCnO41eRBOnY12zwkn5qVwgc=
github.com/rwcarlsen/goexif v0.0.0-20190401172101-9e8deecbddbd/go.mod h1:hPqNNc0+uJM6H+SuU8sEs5K5IQeKccPqeSjfgcKGgPk=
golang.org/x/image v0.0.0-20191009234506-e7c1f5e7dbb8/go.mod h1:FeLwcggjj3mMvU+oOTbSwawSJRM1uh48EjtB4UJZlP0=
golang.org/x/image v0.0.0-20201208152932-35266b937fa6 h1:nfeHNc1nAqecKCy2FCy4HY+soOOe5sDLJ/gZLbx6GYI=
golang.org/x/image v0.0.0-20201208152932-35266b937fa6/go.mod h1:FeLwcggjj3mMvU+oOTbSwawSJRM1uh48EjtB4UJZlP0=
golang.org/x/sys v0.0.0-20201119102817-f84b799fce68 h1:nxC68pudNYkKU6jWhgrqdreuFiOQWj1Fs7T3VrH4Pjw=
golang.org/x/sys v0.0.0-20201119102817-f84b799fce68/go.mod h1:h1NjWce9XRLGQEsW7wpKNCjG9DtNlClVuFLEZdDNbEs=
golang.org/x/text v0.3.0/go.mod h1:NqM8EUOU14njkJ3fqMW+pc6Ldnwhi/IjpwHt7yyuwOQ=
gopkg.in/gcfg.v1 v1.2.3 h1:m8OOJ4ccYHnx2f4gQwpno8nAX5OGOh7RLaaz0pj3Ogs=
gopkg.in/gcfg.v1 v1.2.3/go.mod h1:yesOnuUOFQAhST5vPY4nbZsb/huCgGGXlipJsBn0b3o=
gopkg.in/warnings.v0 v0.1.2 h1:wFXVbFY8DY5/xOe1ECiWdKCzZlxgshcYVNkBHstARME=
gopkg.in/warnings.v0 v0.1.2/go.mod h1:jksf8JmL6Qr/oQM2OXTHunEvvTAsrWBLb6OOjuVWRNI=
modernc.org/b v1.0.0 h1:vpvqeyp17ddcQWF29Czawql4lDdABCDRbXRAS4+aF2o=
modernc.org/b v1.0.0/go.mod h1:uZWcZfRj1BpYzfN9JTerzlNUnnPsV9O2ZA8JsRcubNg=
modernc.org/db v1.0.0 h1:2c6NdCfaLnshSvY7OU09cyAY0gYXUZj4lmg5ItHyucg=
modernc.org/db v1.0.0/go.mod h1:kYD/cO29L/29RM0hXYl4i3+Q5VojL31kTUVpVJDw0s8=
modernc.org/file v1.0.0 h1:9/PdvjVxd5+LcWUQIfapAWRGOkDLK90rloa8s/au06A=
modernc.org/file v1.0.0/go.mod h1:uqEokAEn1u6e+J45e54dsEA/pw4o7zLrA2GwyntZzjw=
modernc.org/fileutil v1.0.0 h1:Z1AFLZwl6BO8A5NldQg/xTSjGLetp+1Ubvl4alfGx8w=
modernc.org/fileutil v1.0.0/go.mod h1:JHsWpkrk/CnVV1H/eGlFf85BEpfkrp56ro8nojIq9Q8=
modernc.org/golex v1.0.0 h1:wWpDlbK8ejRfSyi0frMyhilD3JBvtcx2AdGDnU+JtsE=
modernc.org/golex v1.0.0/go.mod h1:b/QX9oBD/LhixY6NDh+IdGv17hgB+51fET1i2kPSmvk=
modernc.org/internal v1.0.0 h1:XMDsFDcBDsibbBnHB2xzljZ+B1yrOVLEFkKL2u15Glw=
modernc.org/internal v1.0.0/go.mod h1:VUD/+JAkhCpvkUitlEOnhpVxCgsBI90oTzSCRcqQVSM=
modernc.org/lldb v1.0.0 h1:6vjDJxQEfhlOLwl4bhpwIz00uyFK4EmSYcbwqwbynsc=
modernc.org/lldb v1.0.0/go.mod h1:jcRvJGWfCGodDZz8BPwiKMJxGJngQ/5DrRapkQnLob8=
modernc.org/mathutil v1.0.0/go.mod h1:wU0vUrJsVWBZ4P6e7xtFJEhFSNsfRLJ8H458uRjg03k=
modernc.org/mathutil v1.1.1 h1:FeylZSVX8S+58VsyJlkEj2bcpdytmp9MmDKZkKx8OIE=
modernc.org/mathutil v1.1.1/go.mod h1:mZW8CKdRPY1v87qxC/wUdX5O1qDzXMP5TH3wjfpga6E=
modernc.org/ql v0.0.0-20210112103527-874e49e7aaad h1:PhDRbWl0g5FaW1BiO7g0sINoloYqJiMSKyXBP7qNrwY=
modernc.org/ql v0.0.0-20210112103527-874e49e7aaad/go.mod h1:0su3LZVtXgxr5HnJc3DWIj4tb8Zx08BjZAzs//CUT6o=
modernc.org/ql v1.3.1 h1:gAXr1jn9w/WObUo12A1I5xMx/A8SrbRRBNzoBtCraPI=
modernc.org/ql v1.3.1/go.mod h1:0su3LZVtXgxr5HnJc3DWIj4tb8Zx08BjZAzs//CUT6o=
modernc.org/sortutil v1.1.0 h1:oP3U4uM+NT/qBQcbg/K2iqAX0Nx7B1b6YZtq3Gk/PjM=
modernc.org/sortutil v1.1.0/go.mod h1:ZyL98OQHJgH9IEfN71VsamvJgrtRX9Dj2gX+vH86L1k=
modernc.org/strutil v1.0.0 h1:XVFtQwFVwc02Wk+0L/Z/zDDXO81r5Lhe6iMKmGX3KhE=
modernc.org/strutil v1.0.0/go.mod h1:lstksw84oURvj9y3tn8lGvRxyRC1S2+g5uuIzNfIOBs=
modernc.org/zappy v1.0.1 h1:gR01yosq33KPfCO9H/N2Mod+AdpPxkMmlJVo9FCd4wU=
modernc.org/zappy v1.0.1/go.mod h1:O0z5BRBwgfXAYDDhMqz9xVj0omSIEpspvGcwsyBe3FM=
